
Microsoft Visual Studio Solution File, Format Version 12.00
# Visual Studio 2013
VisualStudioVersion = 12.0.40629.0
MinimumVisualStudioVersion = 10.0.40219.1
Project("{E24C65DC-7377-472B-9ABA-BC803B73C61A}") = "EFCA", "http://localhost:58288", "{5CBAA3F0-44D6-42B8-AF21-ED2DDD185C1C}"
	ProjectSection(WebsiteProperties) = preProject
		UseIISExpress = "true"
		TargetFrameworkMoniker = ".NETFramework,Version%3Dv4.5"
		Debug.AspNetCompiler.VirtualPath = "/localhost_58288"
		Debug.AspNetCompiler.PhysicalPath = "..\..\..\EFCA\"
		Debug.AspNetCompiler.TargetPath = "PrecompiledWeb\localhost_58288\"
		Debug.AspNetCompiler.Updateable = "true"
		Debug.AspNetCompiler.ForceOverwrite = "true"
		Debug.AspNetCompiler.FixedNames = "false"
		Debug.AspNetCompiler.Debug = "True"
		Release.AspNetCompiler.VirtualPath = "/localhost_58288"
		Release.AspNetCompiler.PhysicalPath = "..\..\..\EFCA\"
		Release.AspNetCompiler.TargetPath = "PrecompiledWeb\localhost_58288\"
		Release.AspNetCompiler.Updateable = "true"
		Release.AspNetCompiler.ForceOverwrite = "true"
		Release.AspNetCompiler.FixedNames = "false"
		Release.AspNetCompiler.Debug = "False"
		SlnRelativePath = "..\..\..\EFCA\"
		DefaultWebSiteLanguage = "Visual C#"
	EndProjectSection
EndProject
Global
	GlobalSection(SolutionConfigurationPlatforms) = preSolution
		Debug|Any CPU = Debug|Any CPU
	EndGlobalSection
	GlobalSection(ProjectConfigurationPlatforms) = postSolution
		{5CBAA3F0-44D6-42B8-AF21-ED2DDD185C1C}.Debug|Any CPU.ActiveCfg = Debug|Any CPU
		{5CBAA3F0-44D6-42B8-AF21-ED2DDD185C1C}.Debug|Any CPU.Build.0 = Debug|Any CPU
	EndGlobalSection
	GlobalSection(SolutionProperties) = preSolution
		HideSolutionNode = FALSE
	EndGlobalSection
EndGlobal
